// !$*UTF8*$!
{
	archiveVersion = 1;
	classes = {
	};
	objectVersion = 46;
	objects = {

/* Begin PBXBuildFile section */
		046DB5AE1BDEA76100C2AEDC /* MainTabBarController.swift in Sources */ = {isa = PBXBuildFile; fileRef = 046DB5AD1BDEA76100C2AEDC /* MainTabBarController.swift */; };
		046DB5B01BDEAA2200C2AEDC /* ProfileTableViewController.swift in Sources */ = {isa = PBXBuildFile; fileRef = 046DB5AF1BDEAA2200C2AEDC /* ProfileTableViewController.swift */; };
		046DB5B21BDEAA3000C2AEDC /* Profile.storyboard in Resources */ = {isa = PBXBuildFile; fileRef = 046DB5B11BDEAA3000C2AEDC /* Profile.storyboard */; };
		046DB5B41BDEDDB700C2AEDC /* MainTabBar.swift in Sources */ = {isa = PBXBuildFile; fileRef = 046DB5B31BDEDDB700C2AEDC /* MainTabBar.swift */; };
		049B86051BEF59A30032C0DA /* BaseTableViewController.swift in Sources */ = {isa = PBXBuildFile; fileRef = 049B86041BEF59A30032C0DA /* BaseTableViewController.swift */; };
		049B86071BEF5AFC0032C0DA /* VisitorLoginView.xib in Resources */ = {isa = PBXBuildFile; fileRef = 049B86061BEF5AFC0032C0DA /* VisitorLoginView.xib */; };
		049B86091BEF6D1C0032C0DA /* VisitorLoginView.swift in Sources */ = {isa = PBXBuildFile; fileRef = 049B86081BEF6D1C0032C0DA /* VisitorLoginView.swift */; };
		04CFB3D61BDE99EA002A6160 /* AppDelegate.swift in Sources */ = {isa = PBXBuildFile; fileRef = 04CFB3D51BDE99EA002A6160 /* AppDelegate.swift */; };
		04CFB3DB1BDE99EA002A6160 /* Main.storyboard in Resources */ = {isa = PBXBuildFile; fileRef = 04CFB3D91BDE99EA002A6160 /* Main.storyboard */; };
		04CFB3DD1BDE99EA002A6160 /* Images.xcassets in Resources */ = {isa = PBXBuildFile; fileRef = 04CFB3DC1BDE99EA002A6160 /* Images.xcassets */; };
		04CFB3EC1BDE99EA002A6160 /* WeiboTestSwiftTests.swift in Sources */ = {isa = PBXBuildFile; fileRef = 04CFB3EB1BDE99EA002A6160 /* WeiboTestSwiftTests.swift */; };
		04CFB4041BDEA260002A6160 /* HomePageTableViewController.swift in Sources */ = {isa = PBXBuildFile; fileRef = 04CFB4021BDEA260002A6160 /* HomePageTableViewController.swift */; };
		04CFB4071BDEA30B002A6160 /* HomePage.storyboard in Resources */ = {isa = PBXBuildFile; fileRef = 04CFB4061BDEA30A002A6160 /* HomePage.storyboard */; };
		04CFB4091BDEA355002A6160 /* MessageTableViewController.swift in Sources */ = {isa = PBXBuildFile; fileRef = 04CFB4081BDEA355002A6160 /* MessageTableViewController.swift */; };
		04CFB40B1BDEA35F002A6160 /* Message.storyboard in Resources */ = {isa = PBXBuildFile; fileRef = 04CFB40A1BDEA35F002A6160 /* Message.storyboard */; };
		04CFB40D1BDEA37F002A6160 /* DiscoverTableViewController.swift in Sources */ = {isa = PBXBuildFile; fileRef = 04CFB40C1BDEA37F002A6160 /* DiscoverTableViewController.swift */; };
		04CFB40F1BDEA38D002A6160 /* Discover.storyboard in Resources */ = {isa = PBXBuildFile; fileRef = 04CFB40E1BDEA38C002A6160 /* Discover.storyboard */; };
/* End PBXBuildFile section */

/* Begin PBXContainerItemProxy section */
		04CFB3E61BDE99EA002A6160 /* PBXContainerItemProxy */ = {
			isa = PBXContainerItemProxy;
			containerPortal = 04CFB3C81BDE99EA002A6160 /* Project object */;
			proxyType = 1;
			remoteGlobalIDString = 04CFB3CF1BDE99EA002A6160;
			remoteInfo = WeiboTestSwift;
		};
/* End PBXContainerItemProxy section */

/* Begin PBXFileReference section */
		046DB5AD1BDEA76100C2AEDC /* MainTabBarController.swift */ = {isa = PBXFileReference; fileEncoding = 4; lastKnownFileType = sourcecode.swift; path = MainTabBarController.swift; sourceTree = "<group>"; };
		046DB5AF1BDEAA2200C2AEDC /* ProfileTableViewController.swift */ = {isa = PBXFileReference; fileEncoding = 4; lastKnownFileType = sourcecode.swift; path = ProfileTableViewController.swift; sourceTree = "<group>"; };
		046DB5B11BDEAA3000C2AEDC /* Profile.storyboard */ = {isa = PBXFileReference; fileEncoding = 4; lastKnownFileType = file.storyboard; path = Profile.storyboard; sourceTree = "<group>"; };
		046DB5B31BDEDDB700C2AEDC /* MainTabBar.swift */ = {isa = PBXFileReference; fileEncoding = 4; lastKnownFileType = sourcecode.swift; path = MainTabBar.swift; sourceTree = "<group>"; };
		046DB5B51BDEE08D00C2AEDC /* PrefixHeader.pch */ = {isa = PBXFileReference; lastKnownFileType = sourcecode.c.h; path = PrefixHeader.pch; sourceTree = "<group>"; };
		049B86041BEF59A30032C0DA /* BaseTableViewController.swift */ = {isa = PBXFileReference; fileEncoding = 4; lastKnownFileType = sourcecode.swift; path = BaseTableViewController.swift; sourceTree = "<group>"; };
		049B86061BEF5AFC0032C0DA /* VisitorLoginView.xib */ = {isa = PBXFileReference; fileEncoding = 4; lastKnownFileType = file.xib; path = VisitorLoginView.xib; sourceTree = "<group>"; };
		049B86081BEF6D1C0032C0DA /* VisitorLoginView.swift */ = {isa = PBXFileReference; fileEncoding = 4; lastKnownFileType = sourcecode.swift; path = VisitorLoginView.swift; sourceTree = "<group>"; };
		04CFB3D01BDE99EA002A6160 /* WeiboTestSwift.app */ = {isa = PBXFileReference; explicitFileType = wrapper.application; includeInIndex = 0; path = WeiboTestSwift.app; sourceTree = BUILT_PRODUCTS_DIR; };
		04CFB3D41BDE99EA002A6160 /* Info.plist */ = {isa = PBXFileReference; lastKnownFileType = text.plist.xml; path = Info.plist; sourceTree = "<group>"; };
		04CFB3D51BDE99EA002A6160 /* AppDelegate.swift */ = {isa = PBXFileReference; lastKnownFileType = sourcecode.swift; path = AppDelegate.swift; sourceTree = "<group>"; };
		04CFB3DA1BDE99EA002A6160 /* Base */ = {isa = PBXFileReference; lastKnownFileType = file.storyboard; name = Base; path = Base.lproj/Main.storyboard; sourceTree = "<group>"; };
		04CFB3DC1BDE99EA002A6160 /* Images.xcassets */ = {isa = PBXFileReference; lastKnownFileType = folder.assetcatalog; path = Images.xcassets; sourceTree = "<group>"; };
		04CFB3E51BDE99EA002A6160 /* WeiboTestSwiftTests.xctest */ = {isa = PBXFileReference; explicitFileType = wrapper.cfbundle; includeInIndex = 0; path = WeiboTestSwiftTests.xctest; sourceTree = BUILT_PRODUCTS_DIR; };
		04CFB3EA1BDE99EA002A6160 /* Info.plist */ = {isa = PBXFileReference; lastKnownFileType = text.plist.xml; path = Info.plist; sourceTree = "<group>"; };
		04CFB3EB1BDE99EA002A6160 /* WeiboTestSwiftTests.swift */ = {isa = PBXFileReference; lastKnownFileType = sourcecode.swift; path = WeiboTestSwiftTests.swift; sourceTree = "<group>"; };
		04CFB4021BDEA260002A6160 /* HomePageTableViewController.swift */ = {isa = PBXFileReference; fileEncoding = 4; lastKnownFileType = sourcecode.swift; path = HomePageTableViewController.swift; sourceTree = "<group>"; };
		04CFB4061BDEA30A002A6160 /* HomePage.storyboard */ = {isa = PBXFileReference; fileEncoding = 4; lastKnownFileType = file.storyboard; path = HomePage.storyboard; sourceTree = "<group>"; };
		04CFB4081BDEA355002A6160 /* MessageTableViewController.swift */ = {isa = PBXFileReference; fileEncoding = 4; lastKnownFileType = sourcecode.swift; path = MessageTableViewController.swift; sourceTree = "<group>"; };
		04CFB40A1BDEA35F002A6160 /* Message.storyboard */ = {isa = PBXFileReference; fileEncoding = 4; lastKnownFileType = file.storyboard; path = Message.storyboard; sourceTree = "<group>"; };
		04CFB40C1BDEA37F002A6160 /* DiscoverTableViewController.swift */ = {isa = PBXFileReference; fileEncoding = 4; lastKnownFileType = sourcecode.swift; path = DiscoverTableViewController.swift; sourceTree = "<group>"; };
		04CFB40E1BDEA38C002A6160 /* Discover.storyboard */ = {isa = PBXFileReference; fileEncoding = 4; lastKnownFileType = file.storyboard; path = Discover.storyboard; sourceTree = "<group>"; };
/* End PBXFileReference section */

/* Begin PBXFrameworksBuildPhase section */
		04CFB3CD1BDE99EA002A6160 /* Frameworks */ = {
			isa = PBXFrameworksBuildPhase;
			buildActionMask = 2147483647;
			files = (
			);
			runOnlyForDeploymentPostprocessing = 0;
		};
		04CFB3E21BDE99EA002A6160 /* Frameworks */ = {
			isa = PBXFrameworksBuildPhase;
			buildActionMask = 2147483647;
			files = (
			);
			runOnlyForDeploymentPostprocessing = 0;
		};
/* End PBXFrameworksBuildPhase section */

/* Begin PBXGroup section */
		046DB5B61BDEE15100C2AEDC /* Other */ = {
			isa = PBXGroup;
			children = (
				049B86041BEF59A30032C0DA /* BaseTableViewController.swift */,
				049B86061BEF5AFC0032C0DA /* VisitorLoginView.xib */,
				049B86081BEF6D1C0032C0DA /* VisitorLoginView.swift */,
			);
			name = Other;
			sourceTree = "<group>";
		};
		04CFB3C71BDE99EA002A6160 = {
			isa = PBXGroup;
			children = (
				04CFB3D21BDE99EA002A6160 /* WeiboTestSwift */,
				04CFB3E81BDE99EA002A6160 /* WeiboTestSwiftTests */,
				04CFB3D11BDE99EA002A6160 /* Products */,
			);
			sourceTree = "<group>";
		};
		04CFB3D11BDE99EA002A6160 /* Products */ = {
			isa = PBXGroup;
			children = (
				04CFB3D01BDE99EA002A6160 /* WeiboTestSwift.app */,
				04CFB3E51BDE99EA002A6160 /* WeiboTestSwiftTests.xctest */,
			);
			name = Products;
			sourceTree = "<group>";
		};
		04CFB3D21BDE99EA002A6160 /* WeiboTestSwift */ = {
			isa = PBXGroup;
			children = (
				04CFB3F81BDE9EA3002A6160 /* Modules（功能模块） */,
				04CFB3F51BDE9E82002A6160 /* Models（数据模型） */,
				046DB5B61BDEE15100C2AEDC /* Other */,
				04CFB3D31BDE99EA002A6160 /* Supporting Files */,
			);
			path = WeiboTestSwift;
			sourceTree = "<group>";
		};
		04CFB3D31BDE99EA002A6160 /* Supporting Files */ = {
			isa = PBXGroup;
			children = (
				04CFB3DC1BDE99EA002A6160 /* Images.xcassets */,
				046DB5B51BDEE08D00C2AEDC /* PrefixHeader.pch */,
				04CFB3D41BDE99EA002A6160 /* Info.plist */,
			);
			name = "Supporting Files";
			sourceTree = "<group>";
		};
		04CFB3E81BDE99EA002A6160 /* WeiboTestSwiftTests */ = {
			isa = PBXGroup;
			children = (
				04CFB3EB1BDE99EA002A6160 /* WeiboTestSwiftTests.swift */,
				04CFB3E91BDE99EA002A6160 /* Supporting Files */,
			);
			path = WeiboTestSwiftTests;
			sourceTree = "<group>";
		};
		04CFB3E91BDE99EA002A6160 /* Supporting Files */ = {
			isa = PBXGroup;
			children = (
				04CFB3EA1BDE99EA002A6160 /* Info.plist */,
			);
			name = "Supporting Files";
			sourceTree = "<group>";
		};
		04CFB3F51BDE9E82002A6160 /* Models（数据模型） */ = {
			isa = PBXGroup;
			children = (
			);
			name = "Models（数据模型）";
			sourceTree = "<group>";
		};
		04CFB3F61BDE9E8F002A6160 /* HomePage */ = {
			isa = PBXGroup;
			children = (
				04CFB4021BDEA260002A6160 /* HomePageTableViewController.swift */,
				04CFB4061BDEA30A002A6160 /* HomePage.storyboard */,
			);
			name = HomePage;
			sourceTree = "<group>";
		};
		04CFB3F71BDE9E9A002A6160 /* Discover */ = {
			isa = PBXGroup;
			children = (
				04CFB40C1BDEA37F002A6160 /* DiscoverTableViewController.swift */,
				04CFB40E1BDEA38C002A6160 /* Discover.storyboard */,
			);
			name = Discover;
			sourceTree = "<group>";
		};
		04CFB3F81BDE9EA3002A6160 /* Modules（功能模块） */ = {
			isa = PBXGroup;
			children = (
				04CFB3F91BDE9F4F002A6160 /* Main */,
				04CFB3F61BDE9E8F002A6160 /* HomePage */,
				04CFB3FA1BDE9FEA002A6160 /* Message */,
				04CFB3F71BDE9E9A002A6160 /* Discover */,
				04CFB3FB1BDEA052002A6160 /* Profile */,
			);
			name = "Modules（功能模块）";
			sourceTree = "<group>";
		};
		04CFB3F91BDE9F4F002A6160 /* Main */ = {
			isa = PBXGroup;
			children = (
				046DB5AD1BDEA76100C2AEDC /* MainTabBarController.swift */,
				04CFB3D91BDE99EA002A6160 /* Main.storyboard */,
				04CFB3D51BDE99EA002A6160 /* AppDelegate.swift */,
				046DB5B31BDEDDB700C2AEDC /* MainTabBar.swift */,
			);
			name = Main;
			sourceTree = "<group>";
		};
		04CFB3FA1BDE9FEA002A6160 /* Message */ = {
			isa = PBXGroup;
			children = (
				04CFB4081BDEA355002A6160 /* MessageTableViewController.swift */,
				04CFB40A1BDEA35F002A6160 /* Message.storyboard */,
			);
			name = Message;
			sourceTree = "<group>";
		};
		04CFB3FB1BDEA052002A6160 /* Profile */ = {
			isa = PBXGroup;
			children = (
				046DB5AF1BDEAA2200C2AEDC /* ProfileTableViewController.swift */,
				046DB5B11BDEAA3000C2AEDC /* Profile.storyboard */,
			);
			name = Profile;
			sourceTree = "<group>";
		};
/* End PBXGroup section */

/* Begin PBXNativeTarget section */
		04CFB3CF1BDE99EA002A6160 /* WeiboTestSwift */ = {
			isa = PBXNativeTarget;
			buildConfigurationList = 04CFB3EF1BDE99EA002A6160 /* Build configuration list for PBXNativeTarget "WeiboTestSwift" */;
			buildPhases = (
				04CFB3CC1BDE99EA002A6160 /* Sources */,
				04CFB3CD1BDE99EA002A6160 /* Frameworks */,
				04CFB3CE1BDE99EA002A6160 /* Resources */,
			);
			buildRules = (
			);
			dependencies = (
			);
			name = WeiboTestSwift;
			productName = WeiboTestSwift;
			productReference = 04CFB3D01BDE99EA002A6160 /* WeiboTestSwift.app */;
			productType = "com.apple.product-type.application";
		};
		04CFB3E41BDE99EA002A6160 /* WeiboTestSwiftTests */ = {
			isa = PBXNativeTarget;
			buildConfigurationList = 04CFB3F21BDE99EA002A6160 /* Build configuration list for PBXNativeTarget "WeiboTestSwiftTests" */;
			buildPhases = (
				04CFB3E11BDE99EA002A6160 /* Sources */,
				04CFB3E21BDE99EA002A6160 /* Frameworks */,
				04CFB3E31BDE99EA002A6160 /* Resources */,
			);
			buildRules = (
			);
			dependencies = (
				04CFB3E71BDE99EA002A6160 /* PBXTargetDependency */,
			);
			name = WeiboTestSwiftTests;
			productName = WeiboTestSwiftTests;
			productReference = 04CFB3E51BDE99EA002A6160 /* WeiboTestSwiftTests.xctest */;
			productType = "com.apple.product-type.bundle.unit-test";
		};
/* End PBXNativeTarget section */

/* Begin PBXProject section */
		04CFB3C81BDE99EA002A6160 /* Project object */ = {
			isa = PBXProject;
			attributes = {
				LastUpgradeCheck = 0640;
				ORGANIZATIONNAME = Moobye;
				TargetAttributes = {
					04CFB3CF1BDE99EA002A6160 = {
						CreatedOnToolsVersion = 6.4;
					};
					04CFB3E41BDE99EA002A6160 = {
						CreatedOnToolsVersion = 6.4;
						TestTargetID = 04CFB3CF1BDE99EA002A6160;
					};
				};
			};
			buildConfigurationList = 04CFB3CB1BDE99EA002A6160 /* Build configuration list for PBXProject "WeiboTestSwift" */;
			compatibilityVersion = "Xcode 3.2";
			developmentRegion = English;
			hasScannedForEncodings = 0;
			knownRegions = (
				en,
				Base,
			);
			mainGroup = 04CFB3C71BDE99EA002A6160;
			productRefGroup = 04CFB3D11BDE99EA002A6160 /* Products */;
			projectDirPath = "";
			projectRoot = "";
			targets = (
				04CFB3CF1BDE99EA002A6160 /* WeiboTestSwift */,
				04CFB3E41BDE99EA002A6160 /* WeiboTestSwiftTests */,
			);
		};
/* End PBXProject section */

/* Begin PBXResourcesBuildPhase section */
		04CFB3CE1BDE99EA002A6160 /* Resources */ = {
			isa = PBXResourcesBuildPhase;
			buildActionMask = 2147483647;
			files = (
				049B86071BEF5AFC0032C0DA /* VisitorLoginView.xib in Resources */,
				04CFB4071BDEA30B002A6160 /* HomePage.storyboard in Resources */,
				04CFB3DB1BDE99EA002A6160 /* Main.storyboard in Resources */,
				04CFB40B1BDEA35F002A6160 /* Message.storyboard in Resources */,
				04CFB3DD1BDE99EA002A6160 /* Images.xcassets in Resources */,
				046DB5B21BDEAA3000C2AEDC /* Profile.storyboard in Resources */,
				04CFB40F1BDEA38D002A6160 /* Discover.storyboard in Resources */,
			);
			runOnlyForDeploymentPostprocessing = 0;
		};
		04CFB3E31BDE99EA002A6160 /* Resources */ = {
			isa = PBXResourcesBuildPhase;
			buildActionMask = 2147483647;
			files = (
			);
			runOnlyForDeploymentPostprocessing = 0;
		};
/* End PBXResourcesBuildPhase section */

/* Begin PBXSourcesBuildPhase section */
		04CFB3CC1BDE99EA002A6160 /* Sources */ = {
			isa = PBXSourcesBuildPhase;
			buildActionMask = 2147483647;
			files = (
				046DB5B01BDEAA2200C2AEDC /* ProfileTableViewController.swift in Sources */,
				04CFB3D61BDE99EA002A6160 /* AppDelegate.swift in Sources */,
				049B86051BEF59A30032C0DA /* BaseTableViewController.swift in Sources */,
				046DB5B41BDEDDB700C2AEDC /* MainTabBar.swift in Sources */,
				04CFB4091BDEA355002A6160 /* MessageTableViewController.swift in Sources */,
				04CFB40D1BDEA37F002A6160 /* DiscoverTableViewController.swift in Sources */,
				046DB5AE1BDEA76100C2AEDC /* MainTabBarController.swift in Sources */,
				049B86091BEF6D1C0032C0DA /* VisitorLoginView.swift in Sources */,
				04CFB4041BDEA260002A6160 /* HomePageTableViewController.swift in Sources */,
			);
			runOnlyForDeploymentPostprocessing = 0;
		};
		04CFB3E11BDE99EA002A6160 /* Sources */ = {
			isa = PBXSourcesBuildPhase;
			buildActionMask = 2147483647;
			files = (
				04CFB3EC1BDE99EA002A6160 /* WeiboTestSwiftTests.swift in Sources */,
			);
			runOnlyForDeploymentPostprocessing = 0;
		};
/* End PBXSourcesBuildPhase section */

/* Begin PBXTargetDependency section */
		04CFB3E71BDE99EA002A6160 /* PBXTargetDependency */ = {
			isa = PBXTargetDependency;
			target = 04CFB3CF1BDE99EA002A6160 /* WeiboTestSwift */;
			targetProxy = 04CFB3E61BDE99EA002A6160 /* PBXContainerItemProxy */;
		};
/* End PBXTargetDependency section */

/* Begin PBXVariantGroup section */
		04CFB3D91BDE99EA002A6160 /* Main.storyboard */ = {
			isa = PBXVariantGroup;
			children = (
				04CFB3DA1BDE99EA002A6160 /* Base */,
			);
			name = Main.storyboard;
			sourceTree = "<group>";
		};
/* End PBXVariantGroup section */

/* Begin XCBuildConfiguration section */
		04CFB3ED1BDE99EA002A6160 /* Debug */ = {
			isa = XCBuildConfiguration;
			buildSettings = {
				ALWAYS_SEARCH_USER_PATHS = NO;
				CLANG_CXX_LANGUAGE_STANDARD = "gnu++0x";
				CLANG_CXX_LIBRARY = "libc++";
				CLANG_ENABLE_MODULES = YES;
				CLANG_ENABLE_OBJC_ARC = YES;
				CLANG_WARN_BOOL_CONVERSION = YES;
				CLANG_WARN_CONSTANT_CONVERSION = YES;
				CLANG_WARN_DIRECT_OBJC_ISA_USAGE = YES_ERROR;
				CLANG_WARN_EMPTY_BODY = YES;
				CLANG_WARN_ENUM_CONVERSION = YES;
				CLANG_WARN_INT_CONVERSION = YES;
				CLANG_WARN_OBJC_ROOT_CLASS = YES_ERROR;
				CLANG_WARN_UNREACHABLE_CODE = YES;
				CLANG_WARN__DUPLICATE_METHOD_MATCH = YES;
				"CODE_SIGN_IDENTITY[sdk=iphoneos*]" = "iPhone Developer";
				COPY_PHASE_STRIP = NO;
				DEBUG_INFORMATION_FORMAT = "dwarf-with-dsym";
				ENABLE_STRICT_OBJC_MSGSEND = YES;
				GCC_C_LANGUAGE_STANDARD = gnu99;
				GCC_DYNAMIC_NO_PIC = NO;
				GCC_NO_COMMON_BLOCKS = YES;
				GCC_OPTIMIZATION_LEVEL = 0;
				GCC_PREFIX_HEADER = /Users/mac/Desktop/WeiboTestSwift/WeiboTestSwift/PrefixHeader.pch;
				GCC_PREPROCESSOR_DEFINITIONS = (
					"DEBUG=1",
					"$(inherited)",
				);
				GCC_SYMBOLS_PRIVATE_EXTERN = NO;
				GCC_WARN_64_TO_32_BIT_CONVERSION = YES;
				GCC_WARN_ABOUT_RETURN_TYPE = YES_ERROR;
				GCC_WARN_UNDECLARED_SELECTOR = YES;
				GCC_WARN_UNINITIALIZED_AUTOS = YES_AGGRESSIVE;
				GCC_WARN_UNUSED_FUNCTION = YES;
				GCC_WARN_UNUSED_VARIABLE = YES;
				IPHONEOS_DEPLOYMENT_TARGET = 8.4;
				MTL_ENABLE_DEBUG_INFO = YES;
				ONLY_ACTIVE_ARCH = YES;
				SDKROOT = iphoneos;
				SWIFT_OPTIMIZATION_LEVEL = "-Onone";
				TARGETED_DEVICE_FAMILY = "1,2";
			};
			name = Debug;
		};
		04CFB3EE1BDE99EA002A6160 /* Release */ = {
			isa = XCBuildConfiguration;
			buildSettings = {
				ALWAYS_SEARCH_USER_PATHS = NO;
				CLANG_CXX_LANGUAGE_STANDARD = "gnu++0x";
				CLANG_CXX_LIBRARY = "libc++";
				CLANG_ENABLE_MODULES = YES;
				CLANG_ENABLE_OBJC_ARC = YES;
				CLANG_WARN_BOOL_CONVERSION = YES;
				CLANG_WARN_CONSTANT_CONVERSION = YES;
				CLANG_WARN_DIRECT_OBJC_ISA_USAGE = YES_ERROR;
				CLANG_WARN_EMPTY_BODY = YES;
				CLANG_WARN_ENUM_CONVERSION = YES;
				CLANG_WARN_INT_CONVERSION = YES;
				CLANG_WARN_OBJC_ROOT_CLASS = YES_ERROR;
				CLANG_WARN_UNREACHABLE_CODE = YES;
				CLANG_WARN__DUPLICATE_METHOD_MATCH = YES;
				"CODE_SIGN_IDENTITY[sdk=iphoneos*]" = "iPhone Developer";
				COPY_PHASE_STRIP = NO;
				DEBUG_INFORMATION_FORMAT = "dwarf-with-dsym";
				ENABLE_NS_ASSERTIONS = NO;
				ENABLE_STRICT_OBJC_MSGSEND = YES;
				GCC_C_LANGUAGE_STANDARD = gnu99;
				GCC_NO_COMMON_BLOCKS = YES;
				GCC_PREFIX_HEADER = /Users/mac/Desktop/WeiboTestSwift/WeiboTestSwift/PrefixHeader.pch;
				GCC_WARN_64_TO_32_BIT_CONVERSION = YES;
				GCC_WARN_ABOUT_RETURN_TYPE = YES_ERROR;
				GCC_WARN_UNDECLARED_SELECTOR = YES;
				GCC_WARN_UNINITIALIZED_AUTOS = YES_AGGRESSIVE;
				GCC_WARN_UNUSED_FUNCTION = YES;
				GCC_WARN_UNUSED_VARIABLE = YES;
				IPHONEOS_DEPLOYMENT_TARGET = 8.4;
				MTL_ENABLE_DEBUG_INFO = NO;
				SDKROOT = iphoneos;
				TARGETED_DEVICE_FAMILY = "1,2";
				VALIDATE_PRODUCT = YES;
			};
			name = Release;
		};
		04CFB3F01BDE99EA002A6160 /* Debug */ = {
			isa = XCBuildConfiguration;
			buildSettings = {
				ASSETCATALOG_COMPILER_APPICON_NAME = AppIcon;
				ASSETCATALOG_COMPILER_LAUNCHIMAGE_NAME = LaunchImage;
				INFOPLIST_FILE = WeiboTestSwift/Info.plist;
				LD_RUNPATH_SEARCH_PATHS = "$(inherited) @executable_path/Frameworks";
				PRODUCT_NAME = "$(TARGET_NAME)";
			};
			name = Debug;
		};
		04CFB3F11BDE99EA002A6160 /* Release */ = {
			isa = XCBuildConfiguration;
			buildSettings = {
				ASSETCATALOG_COMPILER_APPICON_NAME = AppIcon;
				ASSETCATALOG_COMPILER_LAUNCHIMAGE_NAME = LaunchImage;
				INFOPLIST_FILE = WeiboTestSwift/Info.plist;
				LD_RUNPATH_SEARCH_PATHS = "$(inherited) @executable_path/Frameworks";
				PRODUCT_NAME = "$(TARGET_NAME)";
			};
			name = Release;
		};
		04CFB3F31BDE99EA002A6160 /* Debug */ = {
			isa = XCBuildConfiguration;
			buildSettings = {
				BUNDLE_LOADER = "$(TEST_HOST)";
				FRAMEWORK_SEARCH_PATHS = (
					"$(SDKROOT)/Developer/Library/Frameworks",
					"$(inherited)",
				);
				GCC_PREPROCESSOR_DEFINITIONS = (
					"DEBUG=1",
					"$(inherited)",
				);
				INFOPLIST_FILE = WeiboTestSwiftTests/Info.plist;
				LD_RUNPATH_SEARCH_PATHS = "$(inherited) @executable_path/Frameworks @loader_path/Frameworks";
				PRODUCT_NAME = "$(TARGET_NAME)";
				TEST_HOST = "$(BUILT_PRODUCTS_DIR)/WeiboTestSwift.app/WeiboTestSwift";
			};
			name = Debug;
		};
		04CFB3F41BDE99EA002A6160 /* Release */ = {
			isa = XCBuildConfiguration;
			buildSettings = {
				BUNDLE_LOADER = "$(TEST_HOST)";
				FRAMEWORK_SEARCH_PATHS = (
					"$(SDKROOT)/Developer/Library/Frameworks",
					"$(inherited)",
				);
				INFOPLIST_FILE = WeiboTestSwiftTests/Info.plist;
				LD_RUNPATH_SEARCH_PATHS = "$(inherited) @executable_path/Frameworks @loader_path/Frameworks";
				PRODUCT_NAME = "$(TARGET_NAME)";
				TEST_HOST = "$(BUILT_PRODUCTS_DIR)/WeiboTestSwift.app/WeiboTestSwift";
			};
			name = Release;
		};
/* End XCBuildConfiguration section */

/* Begin XCConfigurationList section */
		04CFB3CB1BDE99EA002A6160 /* Build configuration list for PBXProject "WeiboTestSwift" */ = {
			isa = XCConfigurationList;
			buildConfigurations = (
				04CFB3ED1BDE99EA002A6160 /* Debug */,
				04CFB3EE1BDE99EA002A6160 /* Release */,
			);
			defaultConfigurationIsVisible = 0;
			defaultConfigurationName = Release;
		};
		04CFB3EF1BDE99EA002A6160 /* Build configuration list for PBXNativeTarget "WeiboTestSwift" */ = {
			isa = XCConfigurationList;
			buildConfigurations = (
				04CFB3F01BDE99EA002A6160 /* Debug */,
				04CFB3F11BDE99EA002A6160 /* Release */,
			);
			defaultConfigurationIsVisible = 0;
			defaultConfigurationName = Release;
		};
		04CFB3F21BDE99EA002A6160 /* Build configuration list for PBXNativeTarget "WeiboTestSwiftTests" */ = {
			isa = XCConfigurationList;
			buildConfigurations = (
				04CFB3F31BDE99EA002A6160 /* Debug */,
				04CFB3F41BDE99EA002A6160 /* Release */,
			);
			defaultConfigurationIsVisible = 0;
			defaultConfigurationName = Release;
		};
/* End XCConfigurationList section */
	};
	rootObject = 04CFB3C81BDE99EA002A6160 /* Project object */;
}
